{
  "object": {
    "pins": [
      {
        "package": "Pulse",
        "repositoryURL": "https://github.com/kean/Pulse",
        "state": {
          "branch": null,
          "revision": "f944ac0095f5a844501015fb5ad45411a41c133d",
          "version": "0.20.0"
        }
      }
    ]
  },
  "version": 1
}
